
Microsoft Visual Studio Solution File, Format Version 12.00
# Visual Studio Version 17
VisualStudioVersion = 17.3.32804.467
MinimumVisualStudioVersion = 10.0.40219.1
Project("{FAE04EC0-301F-11D3-BF4B-00C04F79EFBC}") = "Walkabout_API", "Walkabout_API\Walkabout_API.csproj", "{0B50CD7F-5BE0-4077-86C0-D45FDAD6F71B}"
EndProject
Global
	GlobalSection(SolutionConfigurationPlatforms) = preSolution
		Debug|Any CPU = Debug|Any CPU
		Release|Any CPU = Release|Any CPU
	EndGlobalSection
	GlobalSection(ProjectConfigurationPlatforms) = postSolution
		{0B50CD7F-5BE0-4077-86C0-D45FDAD6F71B}.Debug|Any CPU.ActiveCfg = Debug|Any CPU
		{0B50CD7F-5BE0-4077-86C0-D45FDAD6F71B}.Debug|Any CPU.Build.0 = Debug|Any CPU
		{0B50CD7F-5BE0-4077-86C0-D45FDAD6F71B}.Release|Any CPU.ActiveCfg = Release|Any CPU
		{0B50CD7F-5BE0-4077-86C0-D45FDAD6F71B}.Release|Any CPU.Build.0 = Release|Any CPU
	EndGlobalSection
	GlobalSection(SolutionProperties) = preSolution
		HideSolutionNode = FALSE
	EndGlobalSection
	GlobalSection(ExtensibilityGlobals) = postSolution
		SolutionGuid = {ECFFF39E-FE71-4CDC-99A4-4A6F65402429}
	EndGlobalSection
EndGlobal
